
Microsoft Visual Studio Solution File, Format Version 12.00
# Visual Studio Version 16
VisualStudioVersion = 16.0.32106.194
MinimumVisualStudioVersion = 10.0.40219.1
Project("{FAE04EC0-301F-11D3-BF4B-00C04F79EFBC}") = "1-PrimeiroProjeto", "1-PrimeiroProjeto\1-PrimeiroProjeto.csproj", "{A27445CA-540E-45D8-BADD-37823449015F}"
EndProject
Project("{FAE04EC0-301F-11D3-BF4B-00C04F79EFBC}") = "2-CriandoVariaveis", "2-CriandoVariaveis\2-CriandoVariaveis.csproj", "{3C2E1EE2-4760-42B9-8122-AC4A092AF5C9}"
EndProject
Project("{FAE04EC0-301F-11D3-BF4B-00C04F79EFBC}") = "3-CriandoVariaveisPontoFlutuante", "3-CriandoVariaveisPontoFlutuante\3-CriandoVariaveisPontoFlutuante.csproj", "{2723CACF-ED5D-42D4-AE06-C4A6DA617554}"
EndProject
Project("{FAE04EC0-301F-11D3-BF4B-00C04F79EFBC}") = "4-ConversoesEOutrosTiposNumericos", "04-ConversoesEOutrosTiposNumericos\4-ConversoesEOutrosTiposNumericos.csproj", "{11A2D71C-EF09-472B-A41A-EE54DCEAA8F0}"
EndProject
Project("{FAE04EC0-301F-11D3-BF4B-00C04F79EFBC}") = "5-CaracteresETextos", "5-CaracteresETextos\5-CaracteresETextos.csproj", "{0C09A788-A60F-447C-AB93-A7B61C44D1C7}"
EndProject
Project("{FAE04EC0-301F-11D3-BF4B-00C04F79EFBC}") = "6-AtribuicoesDeVariaveis", "6-AtribuicoesDeVariaveis\6-AtribuicoesDeVariaveis.csproj", "{F39BB6CF-3BBB-428C-8284-568750FA5DBA}"
EndProject
Project("{FAE04EC0-301F-11D3-BF4B-00C04F79EFBC}") = "7-Condicionais", "7-Condicionais\7-Condicionais.csproj", "{0D23AD91-4C83-4BE4-B9B7-84D5354C3E79}"
EndProject
Project("{FAE04EC0-301F-11D3-BF4B-00C04F79EFBC}") = "8-Condicionais2", "8-Condicionais2\8-Condicionais2.csproj", "{99A8AA15-3862-43FA-AA10-3757FA1A5421}"
EndProject
Project("{FAE04EC0-301F-11D3-BF4B-00C04F79EFBC}") = "9-Escopo", "9-Escopo\9-Escopo.csproj", "{8BD5E64B-9B4B-4F82-9FA5-7899CD9774DD}"
EndProject
Project("{FAE04EC0-301F-11D3-BF4B-00C04F79EFBC}") = "P10-CalculaPoupanca", "P10-CalculaPoupanca\P10-CalculaPoupanca.csproj", "{DECBEFFA-F0A0-4FE6-BE2E-5BBB117A87FB}"
EndProject
Project("{FAE04EC0-301F-11D3-BF4B-00C04F79EFBC}") = "P11-CalculaPoupanca2", "P11-CalculaPoupanca2\P11-CalculaPoupanca2.csproj", "{52A7BD64-F5DE-4D29-B393-DAF071A9FCD2}"
EndProject
Project("{FAE04EC0-301F-11D3-BF4B-00C04F79EFBC}") = "P12-CalculaInvestimentoLongoPrazo", "P12-CalculaInvestimentoLongoPrazo\P12-CalculaInvestimentoLongoPrazo.csproj", "{D5034C98-5AB5-409F-8140-2CC3F9DC2C80}"
EndProject
Project("{FAE04EC0-301F-11D3-BF4B-00C04F79EFBC}") = "P13-ForEncadeado", "P13-ForEncadeado\P13-ForEncadeado.csproj", "{9B2A6D5A-2C6E-43BD-98C6-EAEE5A734E3F}"
EndProject
Global
	GlobalSection(SolutionConfigurationPlatforms) = preSolution
		Debug|Any CPU = Debug|Any CPU
		Release|Any CPU = Release|Any CPU
	EndGlobalSection
	GlobalSection(ProjectConfigurationPlatforms) = postSolution
		{A27445CA-540E-45D8-BADD-37823449015F}.Debug|Any CPU.ActiveCfg = Debug|Any CPU
		{A27445CA-540E-45D8-BADD-37823449015F}.Debug|Any CPU.Build.0 = Debug|Any CPU
		{A27445CA-540E-45D8-BADD-37823449015F}.Release|Any CPU.ActiveCfg = Release|Any CPU
		{A27445CA-540E-45D8-BADD-37823449015F}.Release|Any CPU.Build.0 = Release|Any CPU
		{3C2E1EE2-4760-42B9-8122-AC4A092AF5C9}.Debug|Any CPU.ActiveCfg = Debug|Any CPU
		{3C2E1EE2-4760-42B9-8122-AC4A092AF5C9}.Debug|Any CPU.Build.0 = Debug|Any CPU
		{3C2E1EE2-4760-42B9-8122-AC4A092AF5C9}.Release|Any CPU.ActiveCfg = Release|Any CPU
		{3C2E1EE2-4760-42B9-8122-AC4A092AF5C9}.Release|Any CPU.Build.0 = Release|Any CPU
		{2723CACF-ED5D-42D4-AE06-C4A6DA617554}.Debug|Any CPU.ActiveCfg = Debug|Any CPU
		{2723CACF-ED5D-42D4-AE06-C4A6DA617554}.Debug|Any CPU.Build.0 = Debug|Any CPU
		{2723CACF-ED5D-42D4-AE06-C4A6DA617554}.Release|Any CPU.ActiveCfg = Release|Any CPU
		{2723CACF-ED5D-42D4-AE06-C4A6DA617554}.Release|Any CPU.Build.0 = Release|Any CPU
		{11A2D71C-EF09-472B-A41A-EE54DCEAA8F0}.Debug|Any CPU.ActiveCfg = Debug|Any CPU
		{11A2D71C-EF09-472B-A41A-EE54DCEAA8F0}.Debug|Any CPU.Build.0 = Debug|Any CPU
		{11A2D71C-EF09-472B-A41A-EE54DCEAA8F0}.Release|Any CPU.ActiveCfg = Release|Any CPU
		{11A2D71C-EF09-472B-A41A-EE54DCEAA8F0}.Release|Any CPU.Build.0 = Release|Any CPU
		{0C09A788-A60F-447C-AB93-A7B61C44D1C7}.Debug|Any CPU.ActiveCfg = Debug|Any CPU
		{0C09A788-A60F-447C-AB93-A7B61C44D1C7}.Debug|Any CPU.Build.0 = Debug|Any CPU
		{0C09A788-A60F-447C-AB93-A7B61C44D1C7}.Release|Any CPU.ActiveCfg = Release|Any CPU
		{0C09A788-A60F-447C-AB93-A7B61C44D1C7}.Release|Any CPU.Build.0 = Release|Any CPU
		{F39BB6CF-3BBB-428C-8284-568750FA5DBA}.Debug|Any CPU.ActiveCfg = Debug|Any CPU
		{F39BB6CF-3BBB-428C-8284-568750FA5DBA}.Debug|Any CPU.Build.0 = Debug|Any CPU
		{F39BB6CF-3BBB-428C-8284-568750FA5DBA}.Release|Any CPU.ActiveCfg = Release|Any CPU
		{F39BB6CF-3BBB-428C-8284-568750FA5DBA}.Release|Any CPU.Build.0 = Release|Any CPU
		{0D23AD91-4C83-4BE4-B9B7-84D5354C3E79}.Debug|Any CPU.ActiveCfg = Debug|Any CPU
		{0D23AD91-4C83-4BE4-B9B7-84D5354C3E79}.Debug|Any CPU.Build.0 = Debug|Any CPU
		{0D23AD91-4C83-4BE4-B9B7-84D5354C3E79}.Release|Any CPU.ActiveCfg = Release|Any CPU
		{0D23AD91-4C83-4BE4-B9B7-84D5354C3E79}.Release|Any CPU.Build.0 = Release|Any CPU
		{99A8AA15-3862-43FA-AA10-3757FA1A5421}.Debug|Any CPU.ActiveCfg = Debug|Any CPU
		{99A8AA15-3862-43FA-AA10-3757FA1A5421}.Debug|Any CPU.Build.0 = Debug|Any CPU
		{99A8AA15-3862-43FA-AA10-3757FA1A5421}.Release|Any CPU.ActiveCfg = Release|Any CPU
		{99A8AA15-3862-43FA-AA10-3757FA1A5421}.Release|Any CPU.Build.0 = Release|Any CPU
		{8BD5E64B-9B4B-4F82-9FA5-7899CD9774DD}.Debug|Any CPU.ActiveCfg = Debug|Any CPU
		{8BD5E64B-9B4B-4F82-9FA5-7899CD9774DD}.Debug|Any CPU.Build.0 = Debug|Any CPU
		{8BD5E64B-9B4B-4F82-9FA5-7899CD9774DD}.Release|Any CPU.ActiveCfg = Release|Any CPU
		{8BD5E64B-9B4B-4F82-9FA5-7899CD9774DD}.Release|Any CPU.Build.0 = Release|Any CPU
		{DECBEFFA-F0A0-4FE6-BE2E-5BBB117A87FB}.Debug|Any CPU.ActiveCfg = Debug|Any CPU
		{DECBEFFA-F0A0-4FE6-BE2E-5BBB117A87FB}.Debug|Any CPU.Build.0 = Debug|Any CPU
		{DECBEFFA-F0A0-4FE6-BE2E-5BBB117A87FB}.Release|Any CPU.ActiveCfg = Release|Any CPU
		{DECBEFFA-F0A0-4FE6-BE2E-5BBB117A87FB}.Release|Any CPU.Build.0 = Release|Any CPU
		{52A7BD64-F5DE-4D29-B393-DAF071A9FCD2}.Debug|Any CPU.ActiveCfg = Debug|Any CPU
		{52A7BD64-F5DE-4D29-B393-DAF071A9FCD2}.Debug|Any CPU.Build.0 = Debug|Any CPU
		{52A7BD64-F5DE-4D29-B393-DAF071A9FCD2}.Release|Any CPU.ActiveCfg = Release|Any CPU
		{52A7BD64-F5DE-4D29-B393-DAF071A9FCD2}.Release|Any CPU.Build.0 = Release|Any CPU
		{D5034C98-5AB5-409F-8140-2CC3F9DC2C80}.Debug|Any CPU.ActiveCfg = Debug|Any CPU
		{D5034C98-5AB5-409F-8140-2CC3F9DC2C80}.Debug|Any CPU.Build.0 = Debug|Any CPU
		{D5034C98-5AB5-409F-8140-2CC3F9DC2C80}.Release|Any CPU.ActiveCfg = Release|Any CPU
		{D5034C98-5AB5-409F-8140-2CC3F9DC2C80}.Release|Any CPU.Build.0 = Release|Any CPU
		{9B2A6D5A-2C6E-43BD-98C6-EAEE5A734E3F}.Debug|Any CPU.ActiveCfg = Debug|Any CPU
		{9B2A6D5A-2C6E-43BD-98C6-EAEE5A734E3F}.Debug|Any CPU.Build.0 = Debug|Any CPU
		{9B2A6D5A-2C6E-43BD-98C6-EAEE5A734E3F}.Release|Any CPU.ActiveCfg = Release|Any CPU
		{9B2A6D5A-2C6E-43BD-98C6-EAEE5A734E3F}.Release|Any CPU.Build.0 = Release|Any CPU
	EndGlobalSection
	GlobalSection(SolutionProperties) = preSolution
		HideSolutionNode = FALSE
	EndGlobalSection
	GlobalSection(ExtensibilityGlobals) = postSolution
		SolutionGuid = {ED17D21C-8891-424E-933D-0DCC05E48314}
	EndGlobalSection
EndGlobal
